{
  "name": "net",
  "version": "0",
  "lockfileVersion": 2,
  "requires": true,
  "packages": {
    "": {
      "version": "0",
      "license": "MIT",
      "workspaces": [
        "example",
        "http-server",
        "http-client",
        "net-description",
        "http-constants",
        "ws-client",
        "ws-server",
        "typescript"
      ],
      "devDependencies": {
        "flow-bin": "^0.198.2"
      }
    },
    "example": {
      "version": "1.0.0",
      "license": "ISC",
      "dependencies": {
        "@lukekaalim/cast": "^4.0.0",
        "ws": "^8.2.2"
      }
    },
    "http-client": {
      "name": "@lukekaalim/http-client",
      "version": "6.1.0",
      "license": "MIT",
      "dependencies": {
        "@lukekaalim/cast": "^4.0.0",
        "@lukekaalim/net-description": "^1.3.0"
      },
      "devDependencies": {
        "flow-bin": "^0.158.0"
      }
    },
    "http-client/node_modules/flow-bin": {
      "version": "0.158.0",
      "resolved": "https://registry.npmjs.org/flow-bin/-/flow-bin-0.158.0.tgz",
      "integrity": "sha512-Gk5md8XTwk/M+J5M+rFyS1LJfFen6ldY60jM9+meWixlKf4b0vwdoUO8R7oo471pze+GY+blrnskUeqLDxFJfg==",
      "dev": true,
      "bin": {
        "flow": "cli.js"
      },
      "engines": {
        "node": ">=0.10.0"
      }
    },
    "http-server": {
      "name": "@lukekaalim/http-server",
      "version": "13.7.0",
      "license": "MIT",
      "dependencies": {
        "@lukekaalim/cast": "^4.0.0",
        "@lukekaalim/net-description": "^1.3.0"
      },
      "devDependencies": {
        "flow-bin": "^0.158.0"
      }
    },
    "http-server/node_modules/flow-bin": {
      "version": "0.158.0",
      "resolved": "https://registry.npmjs.org/flow-bin/-/flow-bin-0.158.0.tgz",
      "integrity": "sha512-Gk5md8XTwk/M+J5M+rFyS1LJfFen6ldY60jM9+meWixlKf4b0vwdoUO8R7oo471pze+GY+blrnskUeqLDxFJfg==",
      "dev": true,
      "bin": {
        "flow": "cli.js"
      },
      "engines": {
        "node": ">=0.10.0"
      }
    },
    "net-description": {
      "name": "@lukekaalim/net-description",
      "version": "1.3.0",
      "license": "MIT",
      "dependencies": {
        "@lukekaalim/cast": "^4.3.4"
      }
    },
    "node_modules/@lukekaalim/cast": {
      "version": "4.3.4",
      "resolved": "https://registry.npmjs.org/@lukekaalim/cast/-/cast-4.3.4.tgz",
      "integrity": "sha512-nMllYLMSNUR2GtZgPjVH5ApeRe3OIt4TP8YOtVC3E9xLQOluD9RFK/me0qXPiquTAwx4y1kggzRcEOR6QwPdEQ=="
    },
    "node_modules/@lukekaalim/http-client": {
      "resolved": "http-client",
      "link": true
    },
    "node_modules/@lukekaalim/http-server": {
      "resolved": "http-server",
      "link": true
    },
    "node_modules/@lukekaalim/net-description": {
      "resolved": "net-description",
      "link": true
    },
    "node_modules/@lukekaalim/ws-client": {
      "resolved": "ws-client",
      "link": true
    },
    "node_modules/@lukekaalim/ws-server": {
      "resolved": "ws-server",
      "link": true
    },
    "node_modules/@types/node": {
      "version": "18.11.18",
      "resolved": "https://registry.npmjs.org/@types/node/-/node-18.11.18.tgz",
      "integrity": "sha512-DHQpWGjyQKSHj3ebjFI/wRKcqQcdR+MoFBygntYOZytCqNfkd2ZC4ARDJ2DQqhjH5p85Nnd3jhUJIXrszFX/JA=="
    },
    "node_modules/@types/ws": {
      "version": "8.5.4",
      "resolved": "https://registry.npmjs.org/@types/ws/-/ws-8.5.4.tgz",
      "integrity": "sha512-zdQDHKUgcX/zBc4GrwsE/7dVdAD8JR4EuiAXiiUhhfyIJXXb2+PrGshFyeXWQPMmmZ2XxgaqclgpIC7eTXc1mg==",
      "dependencies": {
        "@types/node": "*"
      }
    },
    "node_modules/example": {
      "resolved": "example",
      "link": true
    },
    "node_modules/flow-bin": {
      "version": "0.198.2",
      "resolved": "https://registry.npmjs.org/flow-bin/-/flow-bin-0.198.2.tgz",
      "integrity": "sha512-PML2zhAZVd8EgzDqS9oSJF+OxUtJ+YLEdVVsVO7d1BwnrXCgiVrLjxiQP8/hur820grzC51Xb2CI3J+ohH/bMg==",
      "dev": true,
      "bin": {
        "flow": "cli.js"
      },
      "engines": {
        "node": ">=0.10.0"
      }
    },
    "node_modules/ws": {
      "version": "8.12.0",
      "resolved": "https://registry.npmjs.org/ws/-/ws-8.12.0.tgz",
      "integrity": "sha512-kU62emKIdKVeEIOIKVegvqpXMSTAMLJozpHZaJNDYqBjzlSYXQGviYwN1osDLJ9av68qHd4a2oSjd7yD4pacig==",
      "engines": {
        "node": ">=10.0.0"
      },
      "peerDependencies": {
        "bufferutil": "^4.0.1",
        "utf-8-validate": ">=5.0.2"
      },
      "peerDependenciesMeta": {
        "bufferutil": {
          "optional": true
        },
        "utf-8-validate": {
          "optional": true
        }
      }
    },
    "typescript": {
      "name": "@lukekaalim/net-typescript-defs",
      "version": "1.0.0",
      "extraneous": true,
      "license": "ISC",
      "devDependencies": {}
    },
    "ws-client": {
      "name": "@lukekaalim/ws-client",
      "version": "2.1.0",
      "license": "ISC",
      "dependencies": {
        "@lukekaalim/net-description": "^1.3.0",
        "@types/ws": "^8.5.4",
        "ws": "^8.12.0"
      }
    },
    "ws-server": {
      "name": "@lukekaalim/ws-server",
      "version": "2.0.1",
      "license": "ISC",
      "dependencies": {
        "@lukekaalim/net-description": "^1.3.0",
        "ws": "^8.2.2"
      }
    }
  },
  "dependencies": {
    "@lukekaalim/cast": {
      "version": "4.3.4",
      "resolved": "https://registry.npmjs.org/@lukekaalim/cast/-/cast-4.3.4.tgz",
      "integrity": "sha512-nMllYLMSNUR2GtZgPjVH5ApeRe3OIt4TP8YOtVC3E9xLQOluD9RFK/me0qXPiquTAwx4y1kggzRcEOR6QwPdEQ=="
    },
    "@lukekaalim/http-client": {
      "version": "file:http-client",
      "requires": {
        "@lukekaalim/cast": "^4.0.0",
        "@lukekaalim/net-description": "^1.3.0",
        "flow-bin": "^0.158.0"
      },
      "dependencies": {
        "flow-bin": {
          "version": "0.158.0",
          "resolved": "https://registry.npmjs.org/flow-bin/-/flow-bin-0.158.0.tgz",
          "integrity": "sha512-Gk5md8XTwk/M+J5M+rFyS1LJfFen6ldY60jM9+meWixlKf4b0vwdoUO8R7oo471pze+GY+blrnskUeqLDxFJfg==",
          "dev": true
        }
      }
    },
    "@lukekaalim/http-server": {
      "version": "file:http-server",
      "requires": {
        "@lukekaalim/cast": "^4.0.0",
        "@lukekaalim/net-description": "^1.3.0",
        "flow-bin": "^0.158.0"
      },
      "dependencies": {
        "flow-bin": {
          "version": "0.158.0",
          "resolved": "https://registry.npmjs.org/flow-bin/-/flow-bin-0.158.0.tgz",
          "integrity": "sha512-Gk5md8XTwk/M+J5M+rFyS1LJfFen6ldY60jM9+meWixlKf4b0vwdoUO8R7oo471pze+GY+blrnskUeqLDxFJfg==",
          "dev": true
        }
      }
    },
    "@lukekaalim/net-description": {
      "version": "file:net-description",
      "requires": {
        "@lukekaalim/cast": "^4.3.4"
      }
    },
    "@lukekaalim/ws-client": {
      "version": "file:ws-client",
      "requires": {
        "@lukekaalim/net-description": "^1.3.0",
        "@types/ws": "*",
        "ws": "*"
      }
    },
    "@lukekaalim/ws-server": {
      "version": "file:ws-server",
      "requires": {
        "@lukekaalim/net-description": "^1.3.0",
        "ws": "^8.2.2"
      }
    },
    "@types/node": {
      "version": "18.11.18",
      "resolved": "https://registry.npmjs.org/@types/node/-/node-18.11.18.tgz",
      "integrity": "sha512-DHQpWGjyQKSHj3ebjFI/wRKcqQcdR+MoFBygntYOZytCqNfkd2ZC4ARDJ2DQqhjH5p85Nnd3jhUJIXrszFX/JA=="
    },
    "@types/ws": {
      "version": "8.5.4",
      "resolved": "https://registry.npmjs.org/@types/ws/-/ws-8.5.4.tgz",
      "integrity": "sha512-zdQDHKUgcX/zBc4GrwsE/7dVdAD8JR4EuiAXiiUhhfyIJXXb2+PrGshFyeXWQPMmmZ2XxgaqclgpIC7eTXc1mg==",
      "requires": {
        "@types/node": "*"
      }
    },
    "example": {
      "version": "file:example",
      "requires": {
        "@lukekaalim/cast": "^4.0.0",
        "ws": "^8.2.2"
      }
    },
    "flow-bin": {
      "version": "0.198.2",
      "resolved": "https://registry.npmjs.org/flow-bin/-/flow-bin-0.198.2.tgz",
      "integrity": "sha512-PML2zhAZVd8EgzDqS9oSJF+OxUtJ+YLEdVVsVO7d1BwnrXCgiVrLjxiQP8/hur820grzC51Xb2CI3J+ohH/bMg==",
      "dev": true
    },
    "ws": {
      "version": "8.12.0",
      "resolved": "https://registry.npmjs.org/ws/-/ws-8.12.0.tgz",
      "integrity": "sha512-kU62emKIdKVeEIOIKVegvqpXMSTAMLJozpHZaJNDYqBjzlSYXQGviYwN1osDLJ9av68qHd4a2oSjd7yD4pacig==",
      "requires": {}
    }
  }
}
